
Microsoft Visual Studio Solution File, Format Version 12.00
# Visual Studio Version 17
VisualStudioVersion = 17.6.33829.357
MinimumVisualStudioVersion = 10.0.40219.1
Project("{FAE04EC0-301F-11D3-BF4B-00C04F79EFBC}") = "GameHubAPI", "GameHubAPI\GameHubAPI.csproj", "{C76ECD62-87AA-4B45-91B3-431A63492C10}"
EndProject
Global
	GlobalSection(SolutionConfigurationPlatforms) = preSolution
		Debug|Any CPU = Debug|Any CPU
		Release|Any CPU = Release|Any CPU
	EndGlobalSection
	GlobalSection(ProjectConfigurationPlatforms) = postSolution
		{C76ECD62-87AA-4B45-91B3-431A63492C10}.Debug|Any CPU.ActiveCfg = Debug|Any CPU
		{C76ECD62-87AA-4B45-91B3-431A63492C10}.Debug|Any CPU.Build.0 = Debug|Any CPU
		{C76ECD62-87AA-4B45-91B3-431A63492C10}.Release|Any CPU.ActiveCfg = Release|Any CPU
		{C76ECD62-87AA-4B45-91B3-431A63492C10}.Release|Any CPU.Build.0 = Release|Any CPU
	EndGlobalSection
	GlobalSection(SolutionProperties) = preSolution
		HideSolutionNode = FALSE
	EndGlobalSection
	GlobalSection(ExtensibilityGlobals) = postSolution
		SolutionGuid = {37CABAAF-35CA-4A4C-A25B-CDBA29252E92}
	EndGlobalSection
EndGlobal
