
Microsoft Visual Studio Solution File, Format Version 12.00
# Visual Studio Version 17
VisualStudioVersion = 17.5.002.0
MinimumVisualStudioVersion = 10.0.40219.1
Project("{9A19103F-16F7-4668-BE54-9A1E7A4F7556}") = "GameHubAPI", "GameHubAPI.csproj", "{7B36AA86-C29B-4084-A78E-05E0FC98E130}"
EndProject
Global
	GlobalSection(SolutionConfigurationPlatforms) = preSolution
		Debug|Any CPU = Debug|Any CPU
		Release|Any CPU = Release|Any CPU
	EndGlobalSection
	GlobalSection(ProjectConfigurationPlatforms) = postSolution
		{7B36AA86-C29B-4084-A78E-05E0FC98E130}.Debug|Any CPU.ActiveCfg = Debug|Any CPU
		{7B36AA86-C29B-4084-A78E-05E0FC98E130}.Debug|Any CPU.Build.0 = Debug|Any CPU
		{7B36AA86-C29B-4084-A78E-05E0FC98E130}.Release|Any CPU.ActiveCfg = Release|Any CPU
		{7B36AA86-C29B-4084-A78E-05E0FC98E130}.Release|Any CPU.Build.0 = Release|Any CPU
	EndGlobalSection
	GlobalSection(SolutionProperties) = preSolution
		HideSolutionNode = FALSE
	EndGlobalSection
	GlobalSection(ExtensibilityGlobals) = postSolution
		SolutionGuid = {4EB822E6-A8DE-4A27-8D5D-542116CA1087}
	EndGlobalSection
EndGlobal
